// !$*UTF8*$!
{
	archiveVersion = 1;
	classes = {
	};
	objectVersion = 56;
	objects = {

/* Begin PBXBuildFile section */
		E738D4D42D9698D8002ACA10 /* SwiftKeychainWrapper in Frameworks */ = {isa = PBXBuildFile; productRef = E738D4D32D9698D8002ACA10 /* SwiftKeychainWrapper */; };
		E738D4D72D96A022002ACA10 /* TabBarViewController.swift in Sources */ = {isa = PBXBuildFile; fileRef = E738D4D62D96A022002ACA10 /* TabBarViewController.swift */; };
		E738D4D92D97D10A002ACA10 /* HTTPMethod.swift in Sources */ = {isa = PBXBuildFile; fileRef = E738D4D82D97D10A002ACA10 /* HTTPMethod.swift */; };
		E738D4DC2D97EF32002ACA10 /* ImagesListService.swift in Sources */ = {isa = PBXBuildFile; fileRef = E738D4DB2D97EF32002ACA10 /* ImagesListService.swift */; };
		E738D4DE2D97EFCB002ACA10 /* ImagesListModels.swift in Sources */ = {isa = PBXBuildFile; fileRef = E738D4DD2D97EFCB002ACA10 /* ImagesListModels.swift */; };
		E738D4FA2D9A6E01002ACA10 /* ImagesListCellDelegate.swift in Sources */ = {isa = PBXBuildFile; fileRef = E738D4F92D9A6E01002ACA10 /* ImagesListCellDelegate.swift */; };
		E738D4FD2D9A97F9002ACA10 /* ProfileLogoutService.swift in Sources */ = {isa = PBXBuildFile; fileRef = E738D4FC2D9A97F9002ACA10 /* ProfileLogoutService.swift */; };
		E738D5032DABC425002ACA10 /* ProfileLogoutServiceDelegate.swift in Sources */ = {isa = PBXBuildFile; fileRef = E738D5022DABC425002ACA10 /* ProfileLogoutServiceDelegate.swift */; };
		E738D5052DACF76F002ACA10 /* WebViewPresenter.swift in Sources */ = {isa = PBXBuildFile; fileRef = E738D5042DACF76F002ACA10 /* WebViewPresenter.swift */; };
		E738D5072DAD4A85002ACA10 /* AuthHelper.swift in Sources */ = {isa = PBXBuildFile; fileRef = E738D5062DAD4A85002ACA10 /* AuthHelper.swift */; };
		E738D5112DAD5894002ACA10 /* WebViewTests.swift in Sources */ = {isa = PBXBuildFile; fileRef = E738D5102DAD5894002ACA10 /* WebViewTests.swift */; };
		E738D5182DAD8FE8002ACA10 /* ProfilePresenter.swift in Sources */ = {isa = PBXBuildFile; fileRef = E738D5172DAD8FE8002ACA10 /* ProfilePresenter.swift */; };
		E7788AC62D91D04900B35461 /* ProgressHUD in Frameworks */ = {isa = PBXBuildFile; productRef = E7788AC52D91D04900B35461 /* ProgressHUD */; };
		E79889492D50B8E200608B34 /* ProfileViewController.swift in Sources */ = {isa = PBXBuildFile; fileRef = E79889482D50B8E200608B34 /* ProfileViewController.swift */; };
		E798894B2D50E04D00608B34 /* SingleImageViewController.swift in Sources */ = {isa = PBXBuildFile; fileRef = E798894A2D50E04D00608B34 /* SingleImageViewController.swift */; };
		E7B700282D47DB4100A60E57 /* AppDelegate.swift in Sources */ = {isa = PBXBuildFile; fileRef = E7B700272D47DB4100A60E57 /* AppDelegate.swift */; };
		E7B7002A2D47DB4100A60E57 /* SceneDelegate.swift in Sources */ = {isa = PBXBuildFile; fileRef = E7B700292D47DB4100A60E57 /* SceneDelegate.swift */; };
		E7B7002C2D47DB4100A60E57 /* ImagesListViewController.swift in Sources */ = {isa = PBXBuildFile; fileRef = E7B7002B2D47DB4100A60E57 /* ImagesListViewController.swift */; };
		E7B7002F2D47DB4100A60E57 /* Base in Resources */ = {isa = PBXBuildFile; fileRef = E7B7002E2D47DB4100A60E57 /* Base */; };
		E7B700312D47DB4300A60E57 /* Assets.xcassets in Resources */ = {isa = PBXBuildFile; fileRef = E7B700302D47DB4300A60E57 /* Assets.xcassets */; };
		E7B700342D47DB4300A60E57 /* Base in Resources */ = {isa = PBXBuildFile; fileRef = E7B700332D47DB4300A60E57 /* Base */; };
		E7B7003F2D48C74700A60E57 /* ImagesListCell.swift in Sources */ = {isa = PBXBuildFile; fileRef = E7B7003E2D48C74700A60E57 /* ImagesListCell.swift */; };
		E7D81A942D92A16E003CBF81 /* UIBlockingHUD.swift in Sources */ = {isa = PBXBuildFile; fileRef = E7D81A932D92A16E003CBF81 /* UIBlockingHUD.swift */; };
		E7D81A962D92BC9C003CBF81 /* ProfileService.swift in Sources */ = {isa = PBXBuildFile; fileRef = E7D81A952D92BC9C003CBF81 /* ProfileService.swift */; };
		E7D81A992D92D04D003CBF81 /* ProfileModels.swift in Sources */ = {isa = PBXBuildFile; fileRef = E7D81A982D92D04D003CBF81 /* ProfileModels.swift */; };
		E7D81A9B2D92D095003CBF81 /* AuthModels.swift in Sources */ = {isa = PBXBuildFile; fileRef = E7D81A9A2D92D095003CBF81 /* AuthModels.swift */; };
		E7D81A9E2D93DF88003CBF81 /* ProfileImageService.swift in Sources */ = {isa = PBXBuildFile; fileRef = E7D81A9D2D93DF88003CBF81 /* ProfileImageService.swift */; };
		E7D81AA22D93DFF1003CBF81 /* ProfileImageModels.swift in Sources */ = {isa = PBXBuildFile; fileRef = E7D81AA12D93DFF1003CBF81 /* ProfileImageModels.swift */; };
		E7D81AA52D940F9F003CBF81 /* AlertPresenter.swift in Sources */ = {isa = PBXBuildFile; fileRef = E7D81AA42D940F9F003CBF81 /* AlertPresenter.swift */; };
		E7D81AA72D941716003CBF81 /* Fetcher.swift in Sources */ = {isa = PBXBuildFile; fileRef = E7D81AA62D941716003CBF81 /* Fetcher.swift */; };
		E7D81AAB2D94513F003CBF81 /* Kingfisher in Frameworks */ = {isa = PBXBuildFile; productRef = E7D81AAA2D94513F003CBF81 /* Kingfisher */; };
		E7DAE6502D787DDA008E9D0F /* OAuth2Service.swift in Sources */ = {isa = PBXBuildFile; fileRef = E7DAE64F2D787DDA008E9D0F /* OAuth2Service.swift */; };
		E7DAE6532D788E7E008E9D0F /* URLSession+data.swift in Sources */ = {isa = PBXBuildFile; fileRef = E7DAE6522D788E7E008E9D0F /* URLSession+data.swift */; };
		E7DAE6582D789957008E9D0F /* OAuth2TokenStorage.swift in Sources */ = {isa = PBXBuildFile; fileRef = E7DAE6572D789957008E9D0F /* OAuth2TokenStorage.swift */; };
		E7DAE65A2D78B008008E9D0F /* SplashViewController.swift in Sources */ = {isa = PBXBuildFile; fileRef = E7DAE6592D78B008008E9D0F /* SplashViewController.swift */; };
		E7EBC64E2D71CC6B00311D2E /* AuthConfiguration.swift in Sources */ = {isa = PBXBuildFile; fileRef = E7EBC64D2D71CC6B00311D2E /* AuthConfiguration.swift */; };
		E7EBC6762D75F15300311D2E /* AuthViewController.swift in Sources */ = {isa = PBXBuildFile; fileRef = E7EBC6752D75F15300311D2E /* AuthViewController.swift */; };
		E7EBC6782D75F26B00311D2E /* WebViewViewController.swift in Sources */ = {isa = PBXBuildFile; fileRef = E7EBC6772D75F26B00311D2E /* WebViewViewController.swift */; };
/* End PBXBuildFile section */

/* Begin PBXContainerItemProxy section */
		E738D5122DAD5894002ACA10 /* PBXContainerItemProxy */ = {
			isa = PBXContainerItemProxy;
			containerPortal = E7B7001C2D47DB4100A60E57 /* Project object */;
			proxyType = 1;
			remoteGlobalIDString = E7B700232D47DB4100A60E57;
			remoteInfo = ImageFeed;
		};
/* End PBXContainerItemProxy section */

/* Begin PBXFileReference section */
		E738D4D62D96A022002ACA10 /* TabBarViewController.swift */ = {isa = PBXFileReference; lastKnownFileType = sourcecode.swift; path = TabBarViewController.swift; sourceTree = "<group>"; };
		E738D4D82D97D10A002ACA10 /* HTTPMethod.swift */ = {isa = PBXFileReference; lastKnownFileType = sourcecode.swift; path = HTTPMethod.swift; sourceTree = "<group>"; };
		E738D4DB2D97EF32002ACA10 /* ImagesListService.swift */ = {isa = PBXFileReference; lastKnownFileType = sourcecode.swift; path = ImagesListService.swift; sourceTree = "<group>"; };
		E738D4DD2D97EFCB002ACA10 /* ImagesListModels.swift */ = {isa = PBXFileReference; lastKnownFileType = sourcecode.swift; path = ImagesListModels.swift; sourceTree = "<group>"; };
		E738D4F92D9A6E01002ACA10 /* ImagesListCellDelegate.swift */ = {isa = PBXFileReference; lastKnownFileType = sourcecode.swift; path = ImagesListCellDelegate.swift; sourceTree = "<group>"; };
		E738D4FC2D9A97F9002ACA10 /* ProfileLogoutService.swift */ = {isa = PBXFileReference; lastKnownFileType = sourcecode.swift; path = ProfileLogoutService.swift; sourceTree = "<group>"; };
		E738D5022DABC425002ACA10 /* ProfileLogoutServiceDelegate.swift */ = {isa = PBXFileReference; lastKnownFileType = sourcecode.swift; path = ProfileLogoutServiceDelegate.swift; sourceTree = "<group>"; };
		E738D5042DACF76F002ACA10 /* WebViewPresenter.swift */ = {isa = PBXFileReference; lastKnownFileType = sourcecode.swift; path = WebViewPresenter.swift; sourceTree = "<group>"; };
		E738D5062DAD4A85002ACA10 /* AuthHelper.swift */ = {isa = PBXFileReference; lastKnownFileType = sourcecode.swift; path = AuthHelper.swift; sourceTree = "<group>"; };
		E738D50E2DAD5894002ACA10 /* ImageFeedTests.xctest */ = {isa = PBXFileReference; explicitFileType = wrapper.cfbundle; includeInIndex = 0; path = ImageFeedTests.xctest; sourceTree = BUILT_PRODUCTS_DIR; };
		E738D5102DAD5894002ACA10 /* WebViewTests.swift */ = {isa = PBXFileReference; lastKnownFileType = sourcecode.swift; path = WebViewTests.swift; sourceTree = "<group>"; };
		E738D5172DAD8FE8002ACA10 /* ProfilePresenter.swift */ = {isa = PBXFileReference; lastKnownFileType = sourcecode.swift; path = ProfilePresenter.swift; sourceTree = "<group>"; };
		E79889482D50B8E200608B34 /* ProfileViewController.swift */ = {isa = PBXFileReference; lastKnownFileType = sourcecode.swift; path = ProfileViewController.swift; sourceTree = "<group>"; };
		E798894A2D50E04D00608B34 /* SingleImageViewController.swift */ = {isa = PBXFileReference; lastKnownFileType = sourcecode.swift; path = SingleImageViewController.swift; sourceTree = "<group>"; };
		E7B700242D47DB4100A60E57 /* ImageFeed.app */ = {isa = PBXFileReference; explicitFileType = wrapper.application; includeInIndex = 0; path = ImageFeed.app; sourceTree = BUILT_PRODUCTS_DIR; };
		E7B700272D47DB4100A60E57 /* AppDelegate.swift */ = {isa = PBXFileReference; lastKnownFileType = sourcecode.swift; path = AppDelegate.swift; sourceTree = "<group>"; };
		E7B700292D47DB4100A60E57 /* SceneDelegate.swift */ = {isa = PBXFileReference; lastKnownFileType = sourcecode.swift; path = SceneDelegate.swift; sourceTree = "<group>"; };
		E7B7002B2D47DB4100A60E57 /* ImagesListViewController.swift */ = {isa = PBXFileReference; lastKnownFileType = sourcecode.swift; path = ImagesListViewController.swift; sourceTree = "<group>"; };
		E7B7002E2D47DB4100A60E57 /* Base */ = {isa = PBXFileReference; lastKnownFileType = file.storyboard; name = Base; path = Base.lproj/Main.storyboard; sourceTree = "<group>"; };
		E7B700302D47DB4300A60E57 /* Assets.xcassets */ = {isa = PBXFileReference; lastKnownFileType = folder.assetcatalog; path = Assets.xcassets; sourceTree = "<group>"; };
		E7B700332D47DB4300A60E57 /* Base */ = {isa = PBXFileReference; lastKnownFileType = file.storyboard; name = Base; path = Base.lproj/LaunchScreen.storyboard; sourceTree = "<group>"; };
		E7B700352D47DB4300A60E57 /* Info.plist */ = {isa = PBXFileReference; lastKnownFileType = text.plist.xml; path = Info.plist; sourceTree = "<group>"; };
		E7B7003E2D48C74700A60E57 /* ImagesListCell.swift */ = {isa = PBXFileReference; lastKnownFileType = sourcecode.swift; path = ImagesListCell.swift; sourceTree = "<group>"; };
		E7D81A932D92A16E003CBF81 /* UIBlockingHUD.swift */ = {isa = PBXFileReference; lastKnownFileType = sourcecode.swift; path = UIBlockingHUD.swift; sourceTree = "<group>"; };
		E7D81A952D92BC9C003CBF81 /* ProfileService.swift */ = {isa = PBXFileReference; lastKnownFileType = sourcecode.swift; path = ProfileService.swift; sourceTree = "<group>"; };
		E7D81A982D92D04D003CBF81 /* ProfileModels.swift */ = {isa = PBXFileReference; lastKnownFileType = sourcecode.swift; path = ProfileModels.swift; sourceTree = "<group>"; };
		E7D81A9A2D92D095003CBF81 /* AuthModels.swift */ = {isa = PBXFileReference; lastKnownFileType = sourcecode.swift; path = AuthModels.swift; sourceTree = "<group>"; };
		E7D81A9D2D93DF88003CBF81 /* ProfileImageService.swift */ = {isa = PBXFileReference; lastKnownFileType = sourcecode.swift; path = ProfileImageService.swift; sourceTree = "<group>"; };
		E7D81AA12D93DFF1003CBF81 /* ProfileImageModels.swift */ = {isa = PBXFileReference; lastKnownFileType = sourcecode.swift; path = ProfileImageModels.swift; sourceTree = "<group>"; };
		E7D81AA42D940F9F003CBF81 /* AlertPresenter.swift */ = {isa = PBXFileReference; lastKnownFileType = sourcecode.swift; path = AlertPresenter.swift; sourceTree = "<group>"; };
		E7D81AA62D941716003CBF81 /* Fetcher.swift */ = {isa = PBXFileReference; lastKnownFileType = sourcecode.swift; path = Fetcher.swift; sourceTree = "<group>"; };
		E7DAE64F2D787DDA008E9D0F /* OAuth2Service.swift */ = {isa = PBXFileReference; lastKnownFileType = sourcecode.swift; path = OAuth2Service.swift; sourceTree = "<group>"; };
		E7DAE6522D788E7E008E9D0F /* URLSession+data.swift */ = {isa = PBXFileReference; lastKnownFileType = sourcecode.swift; path = "URLSession+data.swift"; sourceTree = "<group>"; };
		E7DAE6572D789957008E9D0F /* OAuth2TokenStorage.swift */ = {isa = PBXFileReference; lastKnownFileType = sourcecode.swift; path = OAuth2TokenStorage.swift; sourceTree = "<group>"; };
		E7DAE6592D78B008008E9D0F /* SplashViewController.swift */ = {isa = PBXFileReference; lastKnownFileType = sourcecode.swift; path = SplashViewController.swift; sourceTree = "<group>"; };
		E7EBC64D2D71CC6B00311D2E /* AuthConfiguration.swift */ = {isa = PBXFileReference; lastKnownFileType = sourcecode.swift; path = AuthConfiguration.swift; sourceTree = "<group>"; };
		E7EBC6752D75F15300311D2E /* AuthViewController.swift */ = {isa = PBXFileReference; lastKnownFileType = sourcecode.swift; path = AuthViewController.swift; sourceTree = "<group>"; };
		E7EBC6772D75F26B00311D2E /* WebViewViewController.swift */ = {isa = PBXFileReference; lastKnownFileType = sourcecode.swift; path = WebViewViewController.swift; sourceTree = "<group>"; };
/* End PBXFileReference section */

/* Begin PBXFrameworksBuildPhase section */
		E738D50B2DAD5894002ACA10 /* Frameworks */ = {
			isa = PBXFrameworksBuildPhase;
			buildActionMask = 2147483647;
			files = (
			);
			runOnlyForDeploymentPostprocessing = 0;
		};
		E7B700212D47DB4100A60E57 /* Frameworks */ = {
			isa = PBXFrameworksBuildPhase;
			buildActionMask = 2147483647;
			files = (
				E7D81AAB2D94513F003CBF81 /* Kingfisher in Frameworks */,
				E7788AC62D91D04900B35461 /* ProgressHUD in Frameworks */,
				E738D4D42D9698D8002ACA10 /* SwiftKeychainWrapper in Frameworks */,
			);
			runOnlyForDeploymentPostprocessing = 0;
		};
/* End PBXFrameworksBuildPhase section */

/* Begin PBXGroup section */
		E738D4D52D969FFA002ACA10 /* TabBarViewController */ = {
			isa = PBXGroup;
			children = (
				E738D4D62D96A022002ACA10 /* TabBarViewController.swift */,
			);
			path = TabBarViewController;
			sourceTree = "<group>";
		};
		E738D4DA2D97EF17002ACA10 /* ImagesListServices */ = {
			isa = PBXGroup;
			children = (
				E738D4DB2D97EF32002ACA10 /* ImagesListService.swift */,
				E738D4DD2D97EFCB002ACA10 /* ImagesListModels.swift */,
				E738D4F92D9A6E01002ACA10 /* ImagesListCellDelegate.swift */,
			);
			path = ImagesListServices;
			sourceTree = "<group>";
		};
		E738D4FB2D9A97DC002ACA10 /* ProfileLogoutService */ = {
			isa = PBXGroup;
			children = (
				E738D4FC2D9A97F9002ACA10 /* ProfileLogoutService.swift */,
				E738D5022DABC425002ACA10 /* ProfileLogoutServiceDelegate.swift */,
			);
			path = ProfileLogoutService;
			sourceTree = "<group>";
		};
		E738D50F2DAD5894002ACA10 /* ImageFeedTests */ = {
			isa = PBXGroup;
			children = (
				E738D5102DAD5894002ACA10 /* WebViewTests.swift */,
			);
			path = ImageFeedTests;
			sourceTree = "<group>";
		};
		E79889472D50B8BD00608B34 /* Profile */ = {
			isa = PBXGroup;
			children = (
				E79889482D50B8E200608B34 /* ProfileViewController.swift */,
				E738D5172DAD8FE8002ACA10 /* ProfilePresenter.swift */,
				E7D81A9C2D93DF58003CBF81 /* ProfileServices */,
			);
			path = Profile;
			sourceTree = "<group>";
		};
		E798894C2D50F09500608B34 /* SingleImageView */ = {
			isa = PBXGroup;
			children = (
				E798894A2D50E04D00608B34 /* SingleImageViewController.swift */,
			);
			path = SingleImageView;
			sourceTree = "<group>";
		};
		E7B7001B2D47DB4100A60E57 = {
			isa = PBXGroup;
			children = (
				E7B700262D47DB4100A60E57 /* ImageFeed */,
				E738D50F2DAD5894002ACA10 /* ImageFeedTests */,
				E7B700252D47DB4100A60E57 /* Products */,
			);
			sourceTree = "<group>";
		};
		E7B700252D47DB4100A60E57 /* Products */ = {
			isa = PBXGroup;
			children = (
				E7B700242D47DB4100A60E57 /* ImageFeed.app */,
				E738D50E2DAD5894002ACA10 /* ImageFeedTests.xctest */,
			);
			name = Products;
			sourceTree = "<group>";
		};
		E7B700262D47DB4100A60E57 /* ImageFeed */ = {
			isa = PBXGroup;
			children = (
				E7EBC6742D75F12B00311D2E /* Auth */,
				E7DAE6512D788E63008E9D0F /* Extensions */,
				E7B7003D2D48C72A00A60E57 /* ImagesList */,
				E7D81AA32D940F7D003CBF81 /* Presentation */,
				E79889472D50B8BD00608B34 /* Profile */,
				E798894C2D50F09500608B34 /* SingleImageView */,
				E7DAE65E2D7F233C008E9D0F /* SplashViewController */,
				E7D81AA82D9438C7003CBF81 /* Support */,
				E738D4D52D969FFA002ACA10 /* TabBarViewController */,
				E7B700272D47DB4100A60E57 /* AppDelegate.swift */,
				E7B700292D47DB4100A60E57 /* SceneDelegate.swift */,
				E7B7002D2D47DB4100A60E57 /* Main.storyboard */,
				E7B7003B2D480B0700A60E57 /* Resources */,
			);
			path = ImageFeed;
			sourceTree = "<group>";
		};
		E7B7003B2D480B0700A60E57 /* Resources */ = {
			isa = PBXGroup;
			children = (
				E7B700302D47DB4300A60E57 /* Assets.xcassets */,
				E7B700322D47DB4300A60E57 /* LaunchScreen.storyboard */,
				E7B700352D47DB4300A60E57 /* Info.plist */,
			);
			path = Resources;
			sourceTree = "<group>";
		};
		E7B7003D2D48C72A00A60E57 /* ImagesList */ = {
			isa = PBXGroup;
			children = (
				E7B7002B2D47DB4100A60E57 /* ImagesListViewController.swift */,
				E7B7003E2D48C74700A60E57 /* ImagesListCell.swift */,
				E738D4DA2D97EF17002ACA10 /* ImagesListServices */,
			);
			path = ImagesList;
			sourceTree = "<group>";
		};
		E7D81A9C2D93DF58003CBF81 /* ProfileServices */ = {
			isa = PBXGroup;
			children = (
				E738D4FB2D9A97DC002ACA10 /* ProfileLogoutService */,
				E7D81AA02D93DFDE003CBF81 /* ProfileImageService */,
				E7D81A9F2D93DFC7003CBF81 /* ProfileService */,
			);
			path = ProfileServices;
			sourceTree = "<group>";
		};
		E7D81A9F2D93DFC7003CBF81 /* ProfileService */ = {
			isa = PBXGroup;
			children = (
				E7D81A952D92BC9C003CBF81 /* ProfileService.swift */,
				E7D81A982D92D04D003CBF81 /* ProfileModels.swift */,
			);
			path = ProfileService;
			sourceTree = "<group>";
		};
		E7D81AA02D93DFDE003CBF81 /* ProfileImageService */ = {
			isa = PBXGroup;
			children = (
				E7D81A9D2D93DF88003CBF81 /* ProfileImageService.swift */,
				E7D81AA12D93DFF1003CBF81 /* ProfileImageModels.swift */,
			);
			path = ProfileImageService;
			sourceTree = "<group>";
		};
		E7D81AA32D940F7D003CBF81 /* Presentation */ = {
			isa = PBXGroup;
			children = (
				E7D81AA42D940F9F003CBF81 /* AlertPresenter.swift */,
			);
			path = Presentation;
			sourceTree = "<group>";
		};
		E7D81AA82D9438C7003CBF81 /* Support */ = {
			isa = PBXGroup;
			children = (
				E7D81A932D92A16E003CBF81 /* UIBlockingHUD.swift */,
				E7EBC64D2D71CC6B00311D2E /* AuthConfiguration.swift */,
				E7D81AA62D941716003CBF81 /* Fetcher.swift */,
				E738D4D82D97D10A002ACA10 /* HTTPMethod.swift */,
			);
			path = Support;
			sourceTree = "<group>";
		};
		E7DAE6512D788E63008E9D0F /* Extensions */ = {
			isa = PBXGroup;
			children = (
				E7DAE6522D788E7E008E9D0F /* URLSession+data.swift */,
			);
			path = Extensions;
			sourceTree = "<group>";
		};
		E7DAE65D2D79D70A008E9D0F /* AuthServices */ = {
			isa = PBXGroup;
			children = (
				E7DAE64F2D787DDA008E9D0F /* OAuth2Service.swift */,
				E7DAE6572D789957008E9D0F /* OAuth2TokenStorage.swift */,
				E7D81A9A2D92D095003CBF81 /* AuthModels.swift */,
			);
			path = AuthServices;
			sourceTree = "<group>";
		};
		E7DAE65E2D7F233C008E9D0F /* SplashViewController */ = {
			isa = PBXGroup;
			children = (
				E7DAE6592D78B008008E9D0F /* SplashViewController.swift */,
			);
			path = SplashViewController;
			sourceTree = "<group>";
		};
		E7EBC6742D75F12B00311D2E /* Auth */ = {
			isa = PBXGroup;
			children = (
				E7EBC6752D75F15300311D2E /* AuthViewController.swift */,
				E7EBC6772D75F26B00311D2E /* WebViewViewController.swift */,
				E738D5042DACF76F002ACA10 /* WebViewPresenter.swift */,
				E738D5062DAD4A85002ACA10 /* AuthHelper.swift */,
				E7DAE65D2D79D70A008E9D0F /* AuthServices */,
			);
			path = Auth;
			sourceTree = "<group>";
		};
/* End PBXGroup section */

/* Begin PBXNativeTarget section */
		E738D50D2DAD5894002ACA10 /* ImageFeedTests */ = {
			isa = PBXNativeTarget;
			buildConfigurationList = E738D5142DAD5894002ACA10 /* Build configuration list for PBXNativeTarget "ImageFeedTests" */;
			buildPhases = (
				E738D50A2DAD5894002ACA10 /* Sources */,
				E738D50B2DAD5894002ACA10 /* Frameworks */,
				E738D50C2DAD5894002ACA10 /* Resources */,
			);
			buildRules = (
			);
			dependencies = (
				E738D5132DAD5894002ACA10 /* PBXTargetDependency */,
			);
			name = ImageFeedTests;
			productName = ImageFeedTests;
			productReference = E738D50E2DAD5894002ACA10 /* ImageFeedTests.xctest */;
			productType = "com.apple.product-type.bundle.unit-test";
		};
		E7B700232D47DB4100A60E57 /* ImageFeed */ = {
			isa = PBXNativeTarget;
			buildConfigurationList = E7B700382D47DB4300A60E57 /* Build configuration list for PBXNativeTarget "ImageFeed" */;
			buildPhases = (
				E7B700202D47DB4100A60E57 /* Sources */,
				E7B700212D47DB4100A60E57 /* Frameworks */,
				E7B700222D47DB4100A60E57 /* Resources */,
			);
			buildRules = (
			);
			dependencies = (
			);
			name = ImageFeed;
			packageProductDependencies = (
				E7788AC52D91D04900B35461 /* ProgressHUD */,
				E7D81AAA2D94513F003CBF81 /* Kingfisher */,
				E738D4D32D9698D8002ACA10 /* SwiftKeychainWrapper */,
			);
			productName = ImageFeed;
			productReference = E7B700242D47DB4100A60E57 /* ImageFeed.app */;
			productType = "com.apple.product-type.application";
		};
/* End PBXNativeTarget section */

/* Begin PBXProject section */
		E7B7001C2D47DB4100A60E57 /* Project object */ = {
			isa = PBXProject;
			attributes = {
				BuildIndependentTargetsInParallel = YES;
				LastSwiftUpdateCheck = 1540;
				LastUpgradeCheck = 1540;
				TargetAttributes = {
					E738D50D2DAD5894002ACA10 = {
						CreatedOnToolsVersion = 15.4;
						TestTargetID = E7B700232D47DB4100A60E57;
					};
					E7B700232D47DB4100A60E57 = {
						CreatedOnToolsVersion = 15.4;
					};
				};
			};
			buildConfigurationList = E7B7001F2D47DB4100A60E57 /* Build configuration list for PBXProject "ImageFeed" */;
			compatibilityVersion = "Xcode 14.0";
			developmentRegion = en;
			hasScannedForEncodings = 0;
			knownRegions = (
				en,
				Base,
			);
			mainGroup = E7B7001B2D47DB4100A60E57;
			packageReferences = (
				E7788AC42D91D04900B35461 /* XCRemoteSwiftPackageReference "ProgressHUD" */,
				E7D81AA92D94513F003CBF81 /* XCRemoteSwiftPackageReference "Kingfisher" */,
				E738D4D22D9698D8002ACA10 /* XCRemoteSwiftPackageReference "SwiftKeychainWrapper" */,
			);
			productRefGroup = E7B700252D47DB4100A60E57 /* Products */;
			projectDirPath = "";
			projectRoot = "";
			targets = (
				E7B700232D47DB4100A60E57 /* ImageFeed */,
				E738D50D2DAD5894002ACA10 /* ImageFeedTests */,
			);
		};
/* End PBXProject section */

/* Begin PBXResourcesBuildPhase section */
		E738D50C2DAD5894002ACA10 /* Resources */ = {
			isa = PBXResourcesBuildPhase;
			buildActionMask = 2147483647;
			files = (
			);
			runOnlyForDeploymentPostprocessing = 0;
		};
		E7B700222D47DB4100A60E57 /* Resources */ = {
			isa = PBXResourcesBuildPhase;
			buildActionMask = 2147483647;
			files = (
				E7B700312D47DB4300A60E57 /* Assets.xcassets in Resources */,
				E7B700342D47DB4300A60E57 /* Base in Resources */,
				E7B7002F2D47DB4100A60E57 /* Base in Resources */,
			);
			runOnlyForDeploymentPostprocessing = 0;
		};
/* End PBXResourcesBuildPhase section */

/* Begin PBXSourcesBuildPhase section */
		E738D50A2DAD5894002ACA10 /* Sources */ = {
			isa = PBXSourcesBuildPhase;
			buildActionMask = 2147483647;
			files = (
				E738D5112DAD5894002ACA10 /* WebViewTests.swift in Sources */,
			);
			runOnlyForDeploymentPostprocessing = 0;
		};
		E7B700202D47DB4100A60E57 /* Sources */ = {
			isa = PBXSourcesBuildPhase;
			buildActionMask = 2147483647;
			files = (
				E79889492D50B8E200608B34 /* ProfileViewController.swift in Sources */,
				E7D81A992D92D04D003CBF81 /* ProfileModels.swift in Sources */,
				E738D4FD2D9A97F9002ACA10 /* ProfileLogoutService.swift in Sources */,
				E738D4FA2D9A6E01002ACA10 /* ImagesListCellDelegate.swift in Sources */,
				E738D5182DAD8FE8002ACA10 /* ProfilePresenter.swift in Sources */,
				E738D4D72D96A022002ACA10 /* TabBarViewController.swift in Sources */,
				E7D81A962D92BC9C003CBF81 /* ProfileService.swift in Sources */,
				E7B7002C2D47DB4100A60E57 /* ImagesListViewController.swift in Sources */,
				E7B7003F2D48C74700A60E57 /* ImagesListCell.swift in Sources */,
				E7DAE6502D787DDA008E9D0F /* OAuth2Service.swift in Sources */,
				E7DAE6582D789957008E9D0F /* OAuth2TokenStorage.swift in Sources */,
				E7D81A942D92A16E003CBF81 /* UIBlockingHUD.swift in Sources */,
				E7B700282D47DB4100A60E57 /* AppDelegate.swift in Sources */,
				E7EBC6762D75F15300311D2E /* AuthViewController.swift in Sources */,
				E7D81AA22D93DFF1003CBF81 /* ProfileImageModels.swift in Sources */,
				E7DAE65A2D78B008008E9D0F /* SplashViewController.swift in Sources */,
				E738D4DC2D97EF32002ACA10 /* ImagesListService.swift in Sources */,
				E738D5032DABC425002ACA10 /* ProfileLogoutServiceDelegate.swift in Sources */,
				E738D5072DAD4A85002ACA10 /* AuthHelper.swift in Sources */,
				E7EBC64E2D71CC6B00311D2E /* AuthConfiguration.swift in Sources */,
				E7DAE6532D788E7E008E9D0F /* URLSession+data.swift in Sources */,
				E7D81AA72D941716003CBF81 /* Fetcher.swift in Sources */,
				E798894B2D50E04D00608B34 /* SingleImageViewController.swift in Sources */,
				E7D81AA52D940F9F003CBF81 /* AlertPresenter.swift in Sources */,
				E738D5052DACF76F002ACA10 /* WebViewPresenter.swift in Sources */,
				E7D81A9B2D92D095003CBF81 /* AuthModels.swift in Sources */,
				E7D81A9E2D93DF88003CBF81 /* ProfileImageService.swift in Sources */,
				E738D4D92D97D10A002ACA10 /* HTTPMethod.swift in Sources */,
				E7EBC6782D75F26B00311D2E /* WebViewViewController.swift in Sources */,
				E738D4DE2D97EFCB002ACA10 /* ImagesListModels.swift in Sources */,
				E7B7002A2D47DB4100A60E57 /* SceneDelegate.swift in Sources */,
			);
			runOnlyForDeploymentPostprocessing = 0;
		};
/* End PBXSourcesBuildPhase section */

/* Begin PBXTargetDependency section */
		E738D5132DAD5894002ACA10 /* PBXTargetDependency */ = {
			isa = PBXTargetDependency;
			target = E7B700232D47DB4100A60E57 /* ImageFeed */;
			targetProxy = E738D5122DAD5894002ACA10 /* PBXContainerItemProxy */;
		};
/* End PBXTargetDependency section */

/* Begin PBXVariantGroup section */
		E7B7002D2D47DB4100A60E57 /* Main.storyboard */ = {
			isa = PBXVariantGroup;
			children = (
				E7B7002E2D47DB4100A60E57 /* Base */,
			);
			name = Main.storyboard;
			sourceTree = "<group>";
		};
		E7B700322D47DB4300A60E57 /* LaunchScreen.storyboard */ = {
			isa = PBXVariantGroup;
			children = (
				E7B700332D47DB4300A60E57 /* Base */,
			);
			name = LaunchScreen.storyboard;
			sourceTree = "<group>";
		};
/* End PBXVariantGroup section */

/* Begin XCBuildConfiguration section */
		E738D5152DAD5894002ACA10 /* Debug */ = {
			isa = XCBuildConfiguration;
			buildSettings = {
				BUNDLE_LOADER = "$(TEST_HOST)";
				CODE_SIGN_STYLE = Automatic;
				CURRENT_PROJECT_VERSION = 1;
				DEVELOPMENT_TEAM = 49WN9PMT22;
				GENERATE_INFOPLIST_FILE = YES;
				IPHONEOS_DEPLOYMENT_TARGET = 17.5;
				MARKETING_VERSION = 1.0;
				PRODUCT_BUNDLE_IDENTIFIER = "my-test-team.ImageFeedTests";
				PRODUCT_NAME = "$(TARGET_NAME)";
				SWIFT_EMIT_LOC_STRINGS = NO;
				SWIFT_VERSION = 5.0;
				TARGETED_DEVICE_FAMILY = "1,2";
				TEST_HOST = "$(BUILT_PRODUCTS_DIR)/ImageFeed.app/$(BUNDLE_EXECUTABLE_FOLDER_PATH)/ImageFeed";
			};
			name = Debug;
		};
		E738D5162DAD5894002ACA10 /* Release */ = {
			isa = XCBuildConfiguration;
			buildSettings = {
				BUNDLE_LOADER = "$(TEST_HOST)";
				CODE_SIGN_STYLE = Automatic;
				CURRENT_PROJECT_VERSION = 1;
				DEVELOPMENT_TEAM = 49WN9PMT22;
				GENERATE_INFOPLIST_FILE = YES;
				IPHONEOS_DEPLOYMENT_TARGET = 17.5;
				MARKETING_VERSION = 1.0;
				PRODUCT_BUNDLE_IDENTIFIER = "my-test-team.ImageFeedTests";
				PRODUCT_NAME = "$(TARGET_NAME)";
				SWIFT_EMIT_LOC_STRINGS = NO;
				SWIFT_VERSION = 5.0;
				TARGETED_DEVICE_FAMILY = "1,2";
				TEST_HOST = "$(BUILT_PRODUCTS_DIR)/ImageFeed.app/$(BUNDLE_EXECUTABLE_FOLDER_PATH)/ImageFeed";
			};
			name = Release;
		};
		E7B700362D47DB4300A60E57 /* Debug */ = {
			isa = XCBuildConfiguration;
			buildSettings = {
				ALWAYS_SEARCH_USER_PATHS = NO;
				ASSETCATALOG_COMPILER_GENERATE_SWIFT_ASSET_SYMBOL_EXTENSIONS = YES;
				CLANG_ANALYZER_NONNULL = YES;
				CLANG_ANALYZER_NUMBER_OBJECT_CONVERSION = YES_AGGRESSIVE;
				CLANG_CXX_LANGUAGE_STANDARD = "gnu++20";
				CLANG_ENABLE_MODULES = YES;
				CLANG_ENABLE_OBJC_ARC = YES;
				CLANG_ENABLE_OBJC_WEAK = YES;
				CLANG_WARN_BLOCK_CAPTURE_AUTORELEASING = YES;
				CLANG_WARN_BOOL_CONVERSION = YES;
				CLANG_WARN_COMMA = YES;
				CLANG_WARN_CONSTANT_CONVERSION = YES;
				CLANG_WARN_DEPRECATED_OBJC_IMPLEMENTATIONS = YES;
				CLANG_WARN_DIRECT_OBJC_ISA_USAGE = YES_ERROR;
				CLANG_WARN_DOCUMENTATION_COMMENTS = YES;
				CLANG_WARN_EMPTY_BODY = YES;
				CLANG_WARN_ENUM_CONVERSION = YES;
				CLANG_WARN_INFINITE_RECURSION = YES;
				CLANG_WARN_INT_CONVERSION = YES;
				CLANG_WARN_NON_LITERAL_NULL_CONVERSION = YES;
				CLANG_WARN_OBJC_IMPLICIT_RETAIN_SELF = YES;
				CLANG_WARN_OBJC_LITERAL_CONVERSION = YES;
				CLANG_WARN_OBJC_ROOT_CLASS = YES_ERROR;
				CLANG_WARN_QUOTED_INCLUDE_IN_FRAMEWORK_HEADER = YES;
				CLANG_WARN_RANGE_LOOP_ANALYSIS = YES;
				CLANG_WARN_STRICT_PROTOTYPES = YES;
				CLANG_WARN_SUSPICIOUS_MOVE = YES;
				CLANG_WARN_UNGUARDED_AVAILABILITY = YES_AGGRESSIVE;
				CLANG_WARN_UNREACHABLE_CODE = YES;
				CLANG_WARN__DUPLICATE_METHOD_MATCH = YES;
				COPY_PHASE_STRIP = NO;
				DEBUG_INFORMATION_FORMAT = dwarf;
				ENABLE_STRICT_OBJC_MSGSEND = YES;
				ENABLE_TESTABILITY = YES;
				ENABLE_USER_SCRIPT_SANDBOXING = YES;
				GCC_C_LANGUAGE_STANDARD = gnu17;
				GCC_DYNAMIC_NO_PIC = NO;
				GCC_NO_COMMON_BLOCKS = YES;
				GCC_OPTIMIZATION_LEVEL = 0;
				GCC_PREPROCESSOR_DEFINITIONS = (
					"DEBUG=1",
					"$(inherited)",
				);
				GCC_WARN_64_TO_32_BIT_CONVERSION = YES;
				GCC_WARN_ABOUT_RETURN_TYPE = YES_ERROR;
				GCC_WARN_UNDECLARED_SELECTOR = YES;
				GCC_WARN_UNINITIALIZED_AUTOS = YES_AGGRESSIVE;
				GCC_WARN_UNUSED_FUNCTION = YES;
				GCC_WARN_UNUSED_VARIABLE = YES;
				IPHONEOS_DEPLOYMENT_TARGET = 13.0;
				LOCALIZATION_PREFERS_STRING_CATALOGS = YES;
				MTL_ENABLE_DEBUG_INFO = INCLUDE_SOURCE;
				MTL_FAST_MATH = YES;
				ONLY_ACTIVE_ARCH = YES;
				SDKROOT = iphoneos;
				SWIFT_ACTIVE_COMPILATION_CONDITIONS = "DEBUG $(inherited)";
				SWIFT_OPTIMIZATION_LEVEL = "-Onone";
			};
			name = Debug;
		};
		E7B700372D47DB4300A60E57 /* Release */ = {
			isa = XCBuildConfiguration;
			buildSettings = {
				ALWAYS_SEARCH_USER_PATHS = NO;
				ASSETCATALOG_COMPILER_GENERATE_SWIFT_ASSET_SYMBOL_EXTENSIONS = YES;
				CLANG_ANALYZER_NONNULL = YES;
				CLANG_ANALYZER_NUMBER_OBJECT_CONVERSION = YES_AGGRESSIVE;
				CLANG_CXX_LANGUAGE_STANDARD = "gnu++20";
				CLANG_ENABLE_MODULES = YES;
				CLANG_ENABLE_OBJC_ARC = YES;
				CLANG_ENABLE_OBJC_WEAK = YES;
				CLANG_WARN_BLOCK_CAPTURE_AUTORELEASING = YES;
				CLANG_WARN_BOOL_CONVERSION = YES;
				CLANG_WARN_COMMA = YES;
				CLANG_WARN_CONSTANT_CONVERSION = YES;
				CLANG_WARN_DEPRECATED_OBJC_IMPLEMENTATIONS = YES;
				CLANG_WARN_DIRECT_OBJC_ISA_USAGE = YES_ERROR;
				CLANG_WARN_DOCUMENTATION_COMMENTS = YES;
				CLANG_WARN_EMPTY_BODY = YES;
				CLANG_WARN_ENUM_CONVERSION = YES;
				CLANG_WARN_INFINITE_RECURSION = YES;
				CLANG_WARN_INT_CONVERSION = YES;
				CLANG_WARN_NON_LITERAL_NULL_CONVERSION = YES;
				CLANG_WARN_OBJC_IMPLICIT_RETAIN_SELF = YES;
				CLANG_WARN_OBJC_LITERAL_CONVERSION = YES;
				CLANG_WARN_OBJC_ROOT_CLASS = YES_ERROR;
				CLANG_WARN_QUOTED_INCLUDE_IN_FRAMEWORK_HEADER = YES;
				CLANG_WARN_RANGE_LOOP_ANALYSIS = YES;
				CLANG_WARN_STRICT_PROTOTYPES = YES;
				CLANG_WARN_SUSPICIOUS_MOVE = YES;
				CLANG_WARN_UNGUARDED_AVAILABILITY = YES_AGGRESSIVE;
				CLANG_WARN_UNREACHABLE_CODE = YES;
				CLANG_WARN__DUPLICATE_METHOD_MATCH = YES;
				COPY_PHASE_STRIP = NO;
				DEBUG_INFORMATION_FORMAT = "dwarf-with-dsym";
				ENABLE_NS_ASSERTIONS = NO;
				ENABLE_STRICT_OBJC_MSGSEND = YES;
				ENABLE_USER_SCRIPT_SANDBOXING = YES;
				GCC_C_LANGUAGE_STANDARD = gnu17;
				GCC_NO_COMMON_BLOCKS = YES;
				GCC_WARN_64_TO_32_BIT_CONVERSION = YES;
				GCC_WARN_ABOUT_RETURN_TYPE = YES_ERROR;
				GCC_WARN_UNDECLARED_SELECTOR = YES;
				GCC_WARN_UNINITIALIZED_AUTOS = YES_AGGRESSIVE;
				GCC_WARN_UNUSED_FUNCTION = YES;
				GCC_WARN_UNUSED_VARIABLE = YES;
				IPHONEOS_DEPLOYMENT_TARGET = 13.0;
				LOCALIZATION_PREFERS_STRING_CATALOGS = YES;
				MTL_ENABLE_DEBUG_INFO = NO;
				MTL_FAST_MATH = YES;
				SDKROOT = iphoneos;
				SWIFT_COMPILATION_MODE = wholemodule;
				VALIDATE_PRODUCT = YES;
			};
			name = Release;
		};
		E7B700392D47DB4300A60E57 /* Debug */ = {
			isa = XCBuildConfiguration;
			buildSettings = {
				ASSETCATALOG_COMPILER_APPICON_NAME = AppIcon;
				ASSETCATALOG_COMPILER_GLOBAL_ACCENT_COLOR_NAME = AccentColor;
				CODE_SIGN_STYLE = Automatic;
				CURRENT_PROJECT_VERSION = 1;
				DEVELOPMENT_TEAM = 49WN9PMT22;
				GENERATE_INFOPLIST_FILE = YES;
				INFOPLIST_FILE = ImageFeed/Resources/Info.plist;
				INFOPLIST_KEY_UIApplicationSupportsIndirectInputEvents = YES;
				INFOPLIST_KEY_UILaunchStoryboardName = LaunchScreen;
				INFOPLIST_KEY_UIMainStoryboardFile = Main;
				INFOPLIST_KEY_UIStatusBarStyle = "";
				INFOPLIST_KEY_UISupportedInterfaceOrientations = UIInterfaceOrientationPortrait;
				INFOPLIST_KEY_UISupportedInterfaceOrientations_iPad = "UIInterfaceOrientationLandscapeLeft UIInterfaceOrientationLandscapeRight UIInterfaceOrientationPortrait UIInterfaceOrientationPortraitUpsideDown";
				IPHONEOS_DEPLOYMENT_TARGET = 13.0;
				LD_RUNPATH_SEARCH_PATHS = (
					"$(inherited)",
					"@executable_path/Frameworks",
				);
				MARKETING_VERSION = 1.0;
				PRODUCT_BUNDLE_IDENTIFIER = "my-test-team.ImageFeed";
				PRODUCT_NAME = "$(TARGET_NAME)";
				SUPPORTED_PLATFORMS = "iphoneos iphonesimulator";
				SUPPORTS_MACCATALYST = NO;
				SUPPORTS_MAC_DESIGNED_FOR_IPHONE_IPAD = NO;
				SUPPORTS_XR_DESIGNED_FOR_IPHONE_IPAD = NO;
				SWIFT_EMIT_LOC_STRINGS = YES;
				SWIFT_VERSION = 5.0;
				TARGETED_DEVICE_FAMILY = 1;
			};
			name = Debug;
		};
		E7B7003A2D47DB4300A60E57 /* Release */ = {
			isa = XCBuildConfiguration;
			buildSettings = {
				ASSETCATALOG_COMPILER_APPICON_NAME = AppIcon;
				ASSETCATALOG_COMPILER_GLOBAL_ACCENT_COLOR_NAME = AccentColor;
				CODE_SIGN_STYLE = Automatic;
				CURRENT_PROJECT_VERSION = 1;
				DEVELOPMENT_TEAM = 49WN9PMT22;
				GENERATE_INFOPLIST_FILE = YES;
				INFOPLIST_FILE = ImageFeed/Resources/Info.plist;
				INFOPLIST_KEY_UIApplicationSupportsIndirectInputEvents = YES;
				INFOPLIST_KEY_UILaunchStoryboardName = LaunchScreen;
				INFOPLIST_KEY_UIMainStoryboardFile = Main;
				INFOPLIST_KEY_UIStatusBarStyle = "";
				INFOPLIST_KEY_UISupportedInterfaceOrientations = UIInterfaceOrientationPortrait;
				INFOPLIST_KEY_UISupportedInterfaceOrientations_iPad = "UIInterfaceOrientationLandscapeLeft UIInterfaceOrientationLandscapeRight UIInterfaceOrientationPortrait UIInterfaceOrientationPortraitUpsideDown";
				IPHONEOS_DEPLOYMENT_TARGET = 13.0;
				LD_RUNPATH_SEARCH_PATHS = (
					"$(inherited)",
					"@executable_path/Frameworks",
				);
				MARKETING_VERSION = 1.0;
				PRODUCT_BUNDLE_IDENTIFIER = "my-test-team.ImageFeed";
				PRODUCT_NAME = "$(TARGET_NAME)";
				SUPPORTED_PLATFORMS = "iphoneos iphonesimulator";
				SUPPORTS_MACCATALYST = NO;
				SUPPORTS_MAC_DESIGNED_FOR_IPHONE_IPAD = NO;
				SUPPORTS_XR_DESIGNED_FOR_IPHONE_IPAD = NO;
				SWIFT_EMIT_LOC_STRINGS = YES;
				SWIFT_VERSION = 5.0;
				TARGETED_DEVICE_FAMILY = 1;
			};
			name = Release;
		};
/* End XCBuildConfiguration section */

/* Begin XCConfigurationList section */
		E738D5142DAD5894002ACA10 /* Build configuration list for PBXNativeTarget "ImageFeedTests" */ = {
			isa = XCConfigurationList;
			buildConfigurations = (
				E738D5152DAD5894002ACA10 /* Debug */,
				E738D5162DAD5894002ACA10 /* Release */,
			);
			defaultConfigurationIsVisible = 0;
			defaultConfigurationName = Release;
		};
		E7B7001F2D47DB4100A60E57 /* Build configuration list for PBXProject "ImageFeed" */ = {
			isa = XCConfigurationList;
			buildConfigurations = (
				E7B700362D47DB4300A60E57 /* Debug */,
				E7B700372D47DB4300A60E57 /* Release */,
			);
			defaultConfigurationIsVisible = 0;
			defaultConfigurationName = Release;
		};
		E7B700382D47DB4300A60E57 /* Build configuration list for PBXNativeTarget "ImageFeed" */ = {
			isa = XCConfigurationList;
			buildConfigurations = (
				E7B700392D47DB4300A60E57 /* Debug */,
				E7B7003A2D47DB4300A60E57 /* Release */,
			);
			defaultConfigurationIsVisible = 0;
			defaultConfigurationName = Release;
		};
/* End XCConfigurationList section */

/* Begin XCRemoteSwiftPackageReference section */
		E738D4D22D9698D8002ACA10 /* XCRemoteSwiftPackageReference "SwiftKeychainWrapper" */ = {
			isa = XCRemoteSwiftPackageReference;
			repositoryURL = "https://github.com/jrendel/SwiftKeychainWrapper";
			requirement = {
				kind = exactVersion;
				version = 4.0.1;
			};
		};
		E7788AC42D91D04900B35461 /* XCRemoteSwiftPackageReference "ProgressHUD" */ = {
			isa = XCRemoteSwiftPackageReference;
			repositoryURL = "https://github.com/relatedcode/ProgressHUD.git";
			requirement = {
				kind = exactVersion;
				version = 14.1.3;
			};
		};
		E7D81AA92D94513F003CBF81 /* XCRemoteSwiftPackageReference "Kingfisher" */ = {
			isa = XCRemoteSwiftPackageReference;
			repositoryURL = "https://github.com/onevcat/Kingfisher.git";
			requirement = {
				kind = exactVersion;
				version = 8.3.1;
			};
		};
/* End XCRemoteSwiftPackageReference section */

/* Begin XCSwiftPackageProductDependency section */
		E738D4D32D9698D8002ACA10 /* SwiftKeychainWrapper */ = {
			isa = XCSwiftPackageProductDependency;
			package = E738D4D22D9698D8002ACA10 /* XCRemoteSwiftPackageReference "SwiftKeychainWrapper" */;
			productName = SwiftKeychainWrapper;
		};
		E7788AC52D91D04900B35461 /* ProgressHUD */ = {
			isa = XCSwiftPackageProductDependency;
			package = E7788AC42D91D04900B35461 /* XCRemoteSwiftPackageReference "ProgressHUD" */;
			productName = ProgressHUD;
		};
		E7D81AAA2D94513F003CBF81 /* Kingfisher */ = {
			isa = XCSwiftPackageProductDependency;
			package = E7D81AA92D94513F003CBF81 /* XCRemoteSwiftPackageReference "Kingfisher" */;
			productName = Kingfisher;
		};
/* End XCSwiftPackageProductDependency section */
	};
	rootObject = E7B7001C2D47DB4100A60E57 /* Project object */;
}
